PODS:
  - AppCenter/Core (4.3.0)
  - AppCenter/Distribute (4.3.0):
    - AppCenter/Core

DEPENDENCIES:
  - AppCenter/Distribute (= 4.3.0)

SPEC REPOS:
  trunk:
    - AppCenter

SPEC CHECKSUMS:
  AppCenter: 883369ab78427b0561c688158d689dfe1f993ea9

PODFILE CHECKSUM: d22d777c134c050ae214b6eeb3aea02f3113808a

COCOAPODS: 1.10.2
